{
  "name": "quasar-app-extension-qhierarchy",
  "version": "1.0.3",
  "lockfileVersion": 2,
  "requires": true,
  "packages": {
    "": {
      "name": "quasar-app-extension-qhierarchy",
      "version": "1.0.3",
      "license": "MIT",
      "dependencies": {
        "quasar-ui-qhierarchy": "1.0.8"
      },
      "engines": {
        "node": ">= 8.9.0",
        "npm": ">= 5.6.0",
        "yarn": ">= 1.6.0"
      },
      "funding": {
        "type": "github",
        "url": "https://github.com/sponsors/pratik227"
      }
    },
    "node_modules/quasar-ui-qhierarchy": {
      "version": "1.0.8",
      "resolved": "https://registry.npmjs.org/quasar-ui-qhierarchy/-/quasar-ui-qhierarchy-1.0.8.tgz",
      "integrity": "sha512-54W26tXn31V6hWzTc5g4S0H9wci4u93jQDsQODyupuudT38CWR1HLs1FwY8+0yhC8d6e5Hxg4YGxTToH2fRXUg=="
    }
  },
  "dependencies": {
    "quasar-ui-qhierarchy": {
      "version": "1.0.8",
      "resolved": "https://registry.npmjs.org/quasar-ui-qhierarchy/-/quasar-ui-qhierarchy-1.0.8.tgz",
      "integrity": "sha512-54W26tXn31V6hWzTc5g4S0H9wci4u93jQDsQODyupuudT38CWR1HLs1FwY8+0yhC8d6e5Hxg4YGxTToH2fRXUg=="
    }
  }
}
