{
  "name": "quasar-app-extension-qhierarchy",
  "version": "1.0.13",
  "lockfileVersion": 2,
  "requires": true,
  "packages": {
    "": {
      "name": "quasar-app-extension-qhierarchy",
      "version": "1.0.13",
      "license": "MIT",
      "dependencies": {
        "quasar-ui-qhierarchy": "1.0.13"
      },
      "engines": {
        "node": ">= 8.9.0",
        "npm": ">= 5.6.0",
        "yarn": ">= 1.6.0"
      },
      "funding": {
        "type": "github",
        "url": "https://github.com/sponsors/pratik227"
      }
    },
    "node_modules/quasar-ui-qhierarchy": {
      "version": "1.0.13",
      "resolved": "https://registry.npmjs.org/quasar-ui-qhierarchy/-/quasar-ui-qhierarchy-1.0.13.tgz",
      "integrity": "sha512-r7dQmiJef8aNEBU1QD8CFCktU6YVWebeYkzUBcvcAKkQL0b8bnhIy9wLXf7mqyzHiCfAP/t0SerSHhby5uEyWw==",
      "funding": {
        "type": "github",
        "url": "https://github.com/sponsors/pratik227"
      }
    }
  },
  "dependencies": {
    "quasar-ui-qhierarchy": {
      "version": "1.0.13",
      "resolved": "https://registry.npmjs.org/quasar-ui-qhierarchy/-/quasar-ui-qhierarchy-1.0.13.tgz",
      "integrity": "sha512-r7dQmiJef8aNEBU1QD8CFCktU6YVWebeYkzUBcvcAKkQL0b8bnhIy9wLXf7mqyzHiCfAP/t0SerSHhby5uEyWw=="
    }
  }
}
