{
  "name": "quasar-app-extension-qhierarchy",
  "version": "0.0.1",
  "lockfileVersion": 1,
  "requires": true,
  "dependencies": {
    "quasar-ui-qhierarchy": {
      "version": "0.0.1",
      "resolved": "https://registry.npmjs.org/quasar-ui-qhierarchy/-/quasar-ui-qhierarchy-0.0.1.tgz",
      "integrity": "sha512-uChGsAq/6UgMijtHyaymLP3pZrroY8XXvKmGfQa6O2H2kMlba/LPojnk3TDA4BjMv9imTUE9qheMLoXhFyMjJg=="
    }
  }
}
